{
  "name": "ulm-wasm",
  "lockfileVersion": 3,
  "requires": true,
  "packages": {
    "": {
      "dependencies": {
        "@swc/core": "^1.7.28"
      }
    },
    "node_modules/@swc/core": {
      "version": "1.7.28",
      "resolved": "https://registry.npmjs.org/@swc/core/-/core-1.7.28.tgz",
      "integrity": "sha512-XapcMgsOS0cKh01AFEj+qXOk6KM4NZhp7a5vPicdhkRR8RzvjrCa7DTtijMxfotU8bqaEHguxmiIag2HUlT8QQ==",
      "hasInstallScript": true,
      "license": "Apache-2.0",
      "dependencies": {
        "@swc/counter": "^0.1.3",
        "@swc/types": "^0.1.12"
      },
      "engines": {
        "node": ">=10"
      },
      "funding": {
        "type": "opencollective",
        "url": "https://opencollective.com/swc"
      },
      "optionalDependencies": {
        "@swc/core-darwin-arm64": "1.7.28",
        "@swc/core-darwin-x64": "1.7.28",
        "@swc/core-linux-arm-gnueabihf": "1.7.28",
        "@swc/core-linux-arm64-gnu": "1.7.28",
        "@swc/core-linux-arm64-musl": "1.7.28",
        "@swc/core-linux-x64-gnu": "1.7.28",
        "@swc/core-linux-x64-musl": "1.7.28",
        "@swc/core-win32-arm64-msvc": "1.7.28",
        "@swc/core-win32-ia32-msvc": "1.7.28",
        "@swc/core-win32-x64-msvc": "1.7.28"
      },
      "peerDependencies": {
        "@swc/helpers": "*"
      },
      "peerDependenciesMeta": {
        "@swc/helpers": {
          "optional": true
        }
      }
    },
    "node_modules/@swc/core-darwin-arm64": {
      "version": "1.7.28",
      "resolved": "https://registry.npmjs.org/@swc/core-darwin-arm64/-/core-darwin-arm64-1.7.28.tgz",
      "integrity": "sha512-BNkj6enHo2pdzOpCtQGKZbXT2A/qWIr0CVtbTM4WkJ3MCK/glbFsyO6X59p1r8+gfaZG4bWYnTTu+RuUAcsL5g==",
      "cpu": [
        "arm64"
      ],
      "optional": true,
      "os": [
        "darwin"
      ],
      "engines": {
        "node": ">=10"
      }
    },
    "node_modules/@swc/core-darwin-x64": {
      "version": "1.7.28",
      "resolved": "https://registry.npmjs.org/@swc/core-darwin-x64/-/core-darwin-x64-1.7.28.tgz",
      "integrity": "sha512-96zQ+X5Fd6P/RNPkOyikTJgEc2M4TzznfYvjRd2hye5h22jhxCLL/csoauDgN7lYfd7mwsZ/sVXwJTMKl+vZSA==",
      "cpu": [
        "x64"
      ],
      "optional": true,
      "os": [
        "darwin"
      ],
      "engines": {
        "node": ">=10"
      }
    },
    "node_modules/@swc/core-linux-arm-gnueabihf": {
      "version": "1.7.28",
      "resolved": "https://registry.npmjs.org/@swc/core-linux-arm-gnueabihf/-/core-linux-arm-gnueabihf-1.7.28.tgz",
      "integrity": "sha512-l2100Wx6LdXMOmOW3+KoHhBhyZrGdz8ylkygcVOC0QHp6YIATfuG+rRHksfyEWCSOdL3anM9MJZJX26KT/s+XQ==",
      "cpu": [
        "arm"
      ],
      "optional": true,
      "os": [
        "linux"
      ],
      "engines": {
        "node": ">=10"
      }
    },
    "node_modules/@swc/core-linux-arm64-gnu": {
      "version": "1.7.28",
      "resolved": "https://registry.npmjs.org/@swc/core-linux-arm64-gnu/-/core-linux-arm64-gnu-1.7.28.tgz",
      "integrity": "sha512-03m6iQ5Bv9u2VPnNRyaBmE8eHi056eE39L0gXcqGoo46GAGuoqYHt9pDz8wS6EgoN4t85iBMUZrkCNqFKkN6ZQ==",
      "cpu": [
        "arm64"
      ],
      "optional": true,
      "os": [
        "linux"
      ],
      "engines": {
        "node": ">=10"
      }
    },
    "node_modules/@swc/core-linux-arm64-musl": {
      "version": "1.7.28",
      "resolved": "https://registry.npmjs.org/@swc/core-linux-arm64-musl/-/core-linux-arm64-musl-1.7.28.tgz",
      "integrity": "sha512-vqVOpG/jc8mvTKQjaPBLhr7tnWyzuztOHsPnJqMWmg7zGcMeQC/2c5pU4uzRAfXMTp25iId6s4Y4wWfPS1EeDw==",
      "cpu": [
        "arm64"
      ],
      "optional": true,
      "os": [
        "linux"
      ],
      "engines": {
        "node": ">=10"
      }
    },
    "node_modules/@swc/core-linux-x64-gnu": {
      "version": "1.7.28",
      "resolved": "https://registry.npmjs.org/@swc/core-linux-x64-gnu/-/core-linux-x64-gnu-1.7.28.tgz",
      "integrity": "sha512-HGwpWuB83Kr+V0E+zT5UwIIY9OxiS8aLd0UVMRVWuO8SrQyKm9HKJ46+zoAb8tfJrpZftfxvbn2ayZWR7gqosA==",
      "cpu": [
        "x64"
      ],
      "optional": true,
      "os": [
        "linux"
      ],
      "engines": {
        "node": ">=10"
      }
    },
    "node_modules/@swc/core-linux-x64-musl": {
      "version": "1.7.28",
      "resolved": "https://registry.npmjs.org/@swc/core-linux-x64-musl/-/core-linux-x64-musl-1.7.28.tgz",
      "integrity": "sha512-q2Y2T8y8EgFtIiRyInnAXNe94aaHX74F0ha1Bl9VdRxE0u1/So+3VLbPvtp4V3Z6pj5pOePfCQJKifnllgAQ9A==",
      "cpu": [
        "x64"
      ],
      "optional": true,
      "os": [
        "linux"
      ],
      "engines": {
        "node": ">=10"
      }
    },
    "node_modules/@swc/core-win32-arm64-msvc": {
      "version": "1.7.28",
      "resolved": "https://registry.npmjs.org/@swc/core-win32-arm64-msvc/-/core-win32-arm64-msvc-1.7.28.tgz",
      "integrity": "sha512-bCqh4uBT/59h3dWK1v91In6qzz8rKoWoFRxCtNQLIK4jP55K0U231ZK9oN7neZD6bzcOUeFvOGgcyMAgDfFWfA==",
      "cpu": [
        "arm64"
      ],
      "optional": true,
      "os": [
        "win32"
      ],
      "engines": {
        "node": ">=10"
      }
    },
    "node_modules/@swc/core-win32-ia32-msvc": {
      "version": "1.7.28",
      "resolved": "https://registry.npmjs.org/@swc/core-win32-ia32-msvc/-/core-win32-ia32-msvc-1.7.28.tgz",
      "integrity": "sha512-XTHbHrksnrqK3JSJ2sbuMWvdJ6/G0roRpgyVTmNDfhTYPOwcVaL/mSrPGLwbksYUbq7ckwoKzrobhdxvQzPsDA==",
      "cpu": [
        "ia32"
      ],
      "optional": true,
      "os": [
        "win32"
      ],
      "engines": {
        "node": ">=10"
      }
    },
    "node_modules/@swc/core-win32-x64-msvc": {
      "version": "1.7.28",
      "resolved": "https://registry.npmjs.org/@swc/core-win32-x64-msvc/-/core-win32-x64-msvc-1.7.28.tgz",
      "integrity": "sha512-jyXeoq6nX8abiCy2EpporsC5ywNENs4ocYuvxo1LSxDktWN1E2MTXq3cdJcEWB2Vydxq0rDcsGyzkRPMzFhkZw==",
      "cpu": [
        "x64"
      ],
      "optional": true,
      "os": [
        "win32"
      ],
      "engines": {
        "node": ">=10"
      }
    },
    "node_modules/@swc/counter": {
      "version": "0.1.3",
      "resolved": "https://registry.npmjs.org/@swc/counter/-/counter-0.1.3.tgz",
      "integrity": "sha512-e2BR4lsJkkRlKZ/qCHPw9ZaSxc0MVUd7gtbtaB7aMvHeJVYe8sOB8DBZkP2DtISHGSku9sCK6T6cnY0CtXrOCQ=="
    },
    "node_modules/@swc/types": {
      "version": "0.1.12",
      "resolved": "https://registry.npmjs.org/@swc/types/-/types-0.1.12.tgz",
      "integrity": "sha512-wBJA+SdtkbFhHjTMYH+dEH1y4VpfGdAc2Kw/LK09i9bXd/K6j6PkDcFCEzb6iVfZMkPRrl/q0e3toqTAJdkIVA==",
      "dependencies": {
        "@swc/counter": "^0.1.3"
      }
    }
  }
}
