{
  "name": "www",
  "lockfileVersion": 3,
  "requires": true,
  "packages": {
    "": {
      "dependencies": {
        "@bjorn3/browser_wasi_shim": "0.3.0",
        "@zip.js/zip.js": "2.7.45"
      }
    },
    "node_modules/@bjorn3/browser_wasi_shim": {
      "version": "0.3.0",
      "resolved": "https://registry.npmjs.org/@bjorn3/browser_wasi_shim/-/browser_wasi_shim-0.3.0.tgz",
      "integrity": "sha512-FlRBYttPRLcWORzBe6g8nmYTafBkOEFeOqMYM4tAHJzFsQy4+xJA94z85a9BCs8S+Uzfh9LrkpII7DXr2iUVFg=="
    },
    "node_modules/@zip.js/zip.js": {
      "version": "2.7.45",
      "resolved": "https://registry.npmjs.org/@zip.js/zip.js/-/zip.js-2.7.45.tgz",
      "integrity": "sha512-Mm2EXF33DJQ/3GWWEWeP1UCqzpQ5+fiMvT3QWspsXY05DyqqxWu7a9awSzU4/spHMHVFrTjani1PR0vprgZpow==",
      "engines": {
        "bun": ">=0.7.0",
        "deno": ">=1.0.0",
        "node": ">=16.5.0"
      }
    }
  }
}
